// !$*UTF8*$!
{
	archiveVersion = 1;
	classes = {
	};
	objectVersion = 51;
	objects = {

/* Begin PBXBuildFile section */
		B01865AC2609CCBF0061C110 /* UserService.swift in Sources */ = {isa = PBXBuildFile; fileRef = B01865AB2609CCBF0061C110 /* UserService.swift */; };
		B01865AF2609CD920061C110 /* PhotoUser.swift in Sources */ = {isa = PBXBuildFile; fileRef = B01865AE2609CD920061C110 /* PhotoUser.swift */; };
		B01865B32609CF260061C110 /* Constants.swift in Sources */ = {isa = PBXBuildFile; fileRef = B01865B22609CF260061C110 /* Constants.swift */; };
		B01865B72609D5520061C110 /* LocalStorageService.swift in Sources */ = {isa = PBXBuildFile; fileRef = B01865B62609D5520061C110 /* LocalStorageService.swift */; };
		B01865BA2609DE1A0061C110 /* MainTabBarController.swift in Sources */ = {isa = PBXBuildFile; fileRef = B01865B92609DE1A0061C110 /* MainTabBarController.swift */; };
		B0E76ED62609B65B00079FDC /* AppDelegate.swift in Sources */ = {isa = PBXBuildFile; fileRef = B0E76ED52609B65B00079FDC /* AppDelegate.swift */; };
		B0E76ED82609B65B00079FDC /* SceneDelegate.swift in Sources */ = {isa = PBXBuildFile; fileRef = B0E76ED72609B65B00079FDC /* SceneDelegate.swift */; };
		B0E76EDD2609B65B00079FDC /* Main.storyboard in Resources */ = {isa = PBXBuildFile; fileRef = B0E76EDB2609B65B00079FDC /* Main.storyboard */; };
		B0E76EDF2609B66000079FDC /* Assets.xcassets in Resources */ = {isa = PBXBuildFile; fileRef = B0E76EDE2609B66000079FDC /* Assets.xcassets */; };
		B0E76EE22609B66000079FDC /* LaunchScreen.storyboard in Resources */ = {isa = PBXBuildFile; fileRef = B0E76EE02609B66000079FDC /* LaunchScreen.storyboard */; };
		B0E76EF22609BBC400079FDC /* LoginViewController.swift in Sources */ = {isa = PBXBuildFile; fileRef = B0E76EF12609BBC400079FDC /* LoginViewController.swift */; };
		B0E76EF52609BBD700079FDC /* CreateProfileViewController.swift in Sources */ = {isa = PBXBuildFile; fileRef = B0E76EF42609BBD700079FDC /* CreateProfileViewController.swift */; };
		B0E76EF82609BBEC00079FDC /* FeedViewController.swift in Sources */ = {isa = PBXBuildFile; fileRef = B0E76EF72609BBEC00079FDC /* FeedViewController.swift */; };
		B0E76EFB2609BBF400079FDC /* CameraViewController.swift in Sources */ = {isa = PBXBuildFile; fileRef = B0E76EFA2609BBF400079FDC /* CameraViewController.swift */; };
		B0E76EFE2609BBFE00079FDC /* SettingsViewController.swift in Sources */ = {isa = PBXBuildFile; fileRef = B0E76EFD2609BBFE00079FDC /* SettingsViewController.swift */; };
		B0E76F022609BE0400079FDC /* GoogleService-Info.plist in Resources */ = {isa = PBXBuildFile; fileRef = B0E76F012609BE0400079FDC /* GoogleService-Info.plist */; };
		E9943D5D08E19471E853A429 /* Pods_PhotoApp.framework in Frameworks */ = {isa = PBXBuildFile; fileRef = CF18F54F9489607FFCEA7769 /* Pods_PhotoApp.framework */; };
/* End PBXBuildFile section */

/* Begin PBXFileReference section */
		5E41E99FF41E1716FC515789 /* Pods-PhotoApp.release.xcconfig */ = {isa = PBXFileReference; includeInIndex = 1; lastKnownFileType = text.xcconfig; name = "Pods-PhotoApp.release.xcconfig"; path = "Target Support Files/Pods-PhotoApp/Pods-PhotoApp.release.xcconfig"; sourceTree = "<group>"; };
		B01865AB2609CCBF0061C110 /* UserService.swift */ = {isa = PBXFileReference; lastKnownFileType = sourcecode.swift; path = UserService.swift; sourceTree = "<group>"; };
		B01865AE2609CD920061C110 /* PhotoUser.swift */ = {isa = PBXFileReference; lastKnownFileType = sourcecode.swift; path = PhotoUser.swift; sourceTree = "<group>"; };
		B01865B22609CF260061C110 /* Constants.swift */ = {isa = PBXFileReference; lastKnownFileType = sourcecode.swift; path = Constants.swift; sourceTree = "<group>"; };
		B01865B62609D5520061C110 /* LocalStorageService.swift */ = {isa = PBXFileReference; lastKnownFileType = sourcecode.swift; path = LocalStorageService.swift; sourceTree = "<group>"; };
		B01865B92609DE1A0061C110 /* MainTabBarController.swift */ = {isa = PBXFileReference; lastKnownFileType = sourcecode.swift; path = MainTabBarController.swift; sourceTree = "<group>"; };
		B0E76ED22609B65B00079FDC /* PhotoApp.app */ = {isa = PBXFileReference; explicitFileType = wrapper.application; includeInIndex = 0; path = PhotoApp.app; sourceTree = BUILT_PRODUCTS_DIR; };
		B0E76ED52609B65B00079FDC /* AppDelegate.swift */ = {isa = PBXFileReference; lastKnownFileType = sourcecode.swift; path = AppDelegate.swift; sourceTree = "<group>"; };
		B0E76ED72609B65B00079FDC /* SceneDelegate.swift */ = {isa = PBXFileReference; lastKnownFileType = sourcecode.swift; path = SceneDelegate.swift; sourceTree = "<group>"; };
		B0E76EDC2609B65B00079FDC /* Base */ = {isa = PBXFileReference; lastKnownFileType = file.storyboard; name = Base; path = Base.lproj/Main.storyboard; sourceTree = "<group>"; };
		B0E76EDE2609B66000079FDC /* Assets.xcassets */ = {isa = PBXFileReference; lastKnownFileType = folder.assetcatalog; path = Assets.xcassets; sourceTree = "<group>"; };
		B0E76EE12609B66000079FDC /* Base */ = {isa = PBXFileReference; lastKnownFileType = file.storyboard; name = Base; path = Base.lproj/LaunchScreen.storyboard; sourceTree = "<group>"; };
		B0E76EE32609B66000079FDC /* Info.plist */ = {isa = PBXFileReference; lastKnownFileType = text.plist.xml; path = Info.plist; sourceTree = "<group>"; };
		B0E76EF12609BBC400079FDC /* LoginViewController.swift */ = {isa = PBXFileReference; lastKnownFileType = sourcecode.swift; path = LoginViewController.swift; sourceTree = "<group>"; };
		B0E76EF42609BBD700079FDC /* CreateProfileViewController.swift */ = {isa = PBXFileReference; lastKnownFileType = sourcecode.swift; path = CreateProfileViewController.swift; sourceTree = "<group>"; };
		B0E76EF72609BBEC00079FDC /* FeedViewController.swift */ = {isa = PBXFileReference; lastKnownFileType = sourcecode.swift; path = FeedViewController.swift; sourceTree = "<group>"; };
		B0E76EFA2609BBF400079FDC /* CameraViewController.swift */ = {isa = PBXFileReference; lastKnownFileType = sourcecode.swift; path = CameraViewController.swift; sourceTree = "<group>"; };
		B0E76EFD2609BBFE00079FDC /* SettingsViewController.swift */ = {isa = PBXFileReference; lastKnownFileType = sourcecode.swift; path = SettingsViewController.swift; sourceTree = "<group>"; };
		B0E76F012609BE0400079FDC /* GoogleService-Info.plist */ = {isa = PBXFileReference; fileEncoding = 4; lastKnownFileType = text.plist.xml; path = "GoogleService-Info.plist"; sourceTree = "<group>"; };
		C3ACC00F2E702DDE62CD8D2A /* Pods-PhotoApp.debug.xcconfig */ = {isa = PBXFileReference; includeInIndex = 1; lastKnownFileType = text.xcconfig; name = "Pods-PhotoApp.debug.xcconfig"; path = "Target Support Files/Pods-PhotoApp/Pods-PhotoApp.debug.xcconfig"; sourceTree = "<group>"; };
		CF18F54F9489607FFCEA7769 /* Pods_PhotoApp.framework */ = {isa = PBXFileReference; explicitFileType = wrapper.framework; includeInIndex = 0; path = Pods_PhotoApp.framework; sourceTree = BUILT_PRODUCTS_DIR; };
/* End PBXFileReference section */

/* Begin PBXFrameworksBuildPhase section */
		B0E76ECF2609B65B00079FDC /* Frameworks */ = {
			isa = PBXFrameworksBuildPhase;
			buildActionMask = 2147483647;
			files = (
				E9943D5D08E19471E853A429 /* Pods_PhotoApp.framework in Frameworks */,
			);
			runOnlyForDeploymentPostprocessing = 0;
		};
/* End PBXFrameworksBuildPhase section */

/* Begin PBXGroup section */
		0DCDE787A19ECCBB9D9AC471 /* Pods */ = {
			isa = PBXGroup;
			children = (
				C3ACC00F2E702DDE62CD8D2A /* Pods-PhotoApp.debug.xcconfig */,
				5E41E99FF41E1716FC515789 /* Pods-PhotoApp.release.xcconfig */,
			);
			path = Pods;
			sourceTree = "<group>";
		};
		82F9BA08A1CCCC7DDF528ECB /* Frameworks */ = {
			isa = PBXGroup;
			children = (
				CF18F54F9489607FFCEA7769 /* Pods_PhotoApp.framework */,
			);
			name = Frameworks;
			sourceTree = "<group>";
		};
		B0E76EC92609B65B00079FDC = {
			isa = PBXGroup;
			children = (
				B0E76ED42609B65B00079FDC /* PhotoApp */,
				B0E76ED32609B65B00079FDC /* Products */,
				0DCDE787A19ECCBB9D9AC471 /* Pods */,
				82F9BA08A1CCCC7DDF528ECB /* Frameworks */,
			);
			sourceTree = "<group>";
		};
		B0E76ED32609B65B00079FDC /* Products */ = {
			isa = PBXGroup;
			children = (
				B0E76ED22609B65B00079FDC /* PhotoApp.app */,
			);
			name = Products;
			sourceTree = "<group>";
		};
		B0E76ED42609B65B00079FDC /* PhotoApp */ = {
			isa = PBXGroup;
			children = (
				B0E76ED52609B65B00079FDC /* AppDelegate.swift */,
				B0E76ED72609B65B00079FDC /* SceneDelegate.swift */,
				B0E76EEA2609B71000079FDC /* Storyboards */,
				B0E76EEE2609B75700079FDC /* Services */,
				B0E76EEC2609B73600079FDC /* ViewControllers */,
				B0E76EED2609B74E00079FDC /* Model */,
				B0E76EEF2609B77B00079FDC /* Views */,
				B0E76EEB2609B72600079FDC /* Helper */,
				B0E76EDE2609B66000079FDC /* Assets.xcassets */,
				B0E76F012609BE0400079FDC /* GoogleService-Info.plist */,
				B0E76EE32609B66000079FDC /* Info.plist */,
			);
			path = PhotoApp;
			sourceTree = "<group>";
		};
		B0E76EEA2609B71000079FDC /* Storyboards */ = {
			isa = PBXGroup;
			children = (
				B0E76EDB2609B65B00079FDC /* Main.storyboard */,
				B0E76EE02609B66000079FDC /* LaunchScreen.storyboard */,
			);
			path = Storyboards;
			sourceTree = "<group>";
		};
		B0E76EEB2609B72600079FDC /* Helper */ = {
			isa = PBXGroup;
			children = (
				B01865B22609CF260061C110 /* Constants.swift */,
			);
			path = Helper;
			sourceTree = "<group>";
		};
		B0E76EEC2609B73600079FDC /* ViewControllers */ = {
			isa = PBXGroup;
			children = (
				B01865B92609DE1A0061C110 /* MainTabBarController.swift */,
				B0E76EF12609BBC400079FDC /* LoginViewController.swift */,
				B0E76EF42609BBD700079FDC /* CreateProfileViewController.swift */,
				B0E76EF72609BBEC00079FDC /* FeedViewController.swift */,
				B0E76EFA2609BBF400079FDC /* CameraViewController.swift */,
				B0E76EFD2609BBFE00079FDC /* SettingsViewController.swift */,
			);
			path = ViewControllers;
			sourceTree = "<group>";
		};
		B0E76EED2609B74E00079FDC /* Model */ = {
			isa = PBXGroup;
			children = (
				B01865AE2609CD920061C110 /* PhotoUser.swift */,
			);
			path = Model;
			sourceTree = "<group>";
		};
		B0E76EEE2609B75700079FDC /* Services */ = {
			isa = PBXGroup;
			children = (
				B01865AB2609CCBF0061C110 /* UserService.swift */,
				B01865B62609D5520061C110 /* LocalStorageService.swift */,
			);
			path = Services;
			sourceTree = "<group>";
		};
		B0E76EEF2609B77B00079FDC /* Views */ = {
			isa = PBXGroup;
			children = (
			);
			path = Views;
			sourceTree = "<group>";
		};
/* End PBXGroup section */

/* Begin PBXNativeTarget section */
		B0E76ED12609B65B00079FDC /* PhotoApp */ = {
			isa = PBXNativeTarget;
			buildConfigurationList = B0E76EE62609B66000079FDC /* Build configuration list for PBXNativeTarget "PhotoApp" */;
			buildPhases = (
				13C94C1129E406594675C042 /* [CP] Check Pods Manifest.lock */,
				B0E76ECE2609B65B00079FDC /* Sources */,
				B0E76ECF2609B65B00079FDC /* Frameworks */,
				B0E76ED02609B65B00079FDC /* Resources */,
				58A083A4B14BB89E84E4033F /* [CP] Embed Pods Frameworks */,
				DCE2E6FF9E965C2388B4C829 /* [CP] Copy Pods Resources */,
			);
			buildRules = (
			);
			dependencies = (
			);
			name = PhotoApp;
			productName = PhotoApp;
			productReference = B0E76ED22609B65B00079FDC /* PhotoApp.app */;
			productType = "com.apple.product-type.application";
		};
/* End PBXNativeTarget section */

/* Begin PBXProject section */
		B0E76ECA2609B65B00079FDC /* Project object */ = {
			isa = PBXProject;
			attributes = {
				LastSwiftUpdateCheck = 1220;
				LastUpgradeCheck = 1220;
				TargetAttributes = {
					B0E76ED12609B65B00079FDC = {
						CreatedOnToolsVersion = 12.2;
					};
				};
			};
			buildConfigurationList = B0E76ECD2609B65B00079FDC /* Build configuration list for PBXProject "PhotoApp" */;
			compatibilityVersion = "Xcode 9.3";
			developmentRegion = en;
			hasScannedForEncodings = 0;
			knownRegions = (
				en,
				Base,
			);
			mainGroup = B0E76EC92609B65B00079FDC;
			productRefGroup = B0E76ED32609B65B00079FDC /* Products */;
			projectDirPath = "";
			projectRoot = "";
			targets = (
				B0E76ED12609B65B00079FDC /* PhotoApp */,
			);
		};
/* End PBXProject section */

/* Begin PBXResourcesBuildPhase section */
		B0E76ED02609B65B00079FDC /* Resources */ = {
			isa = PBXResourcesBuildPhase;
			buildActionMask = 2147483647;
			files = (
				B0E76EE22609B66000079FDC /* LaunchScreen.storyboard in Resources */,
				B0E76F022609BE0400079FDC /* GoogleService-Info.plist in Resources */,
				B0E76EDF2609B66000079FDC /* Assets.xcassets in Resources */,
				B0E76EDD2609B65B00079FDC /* Main.storyboard in Resources */,
			);
			runOnlyForDeploymentPostprocessing = 0;
		};
/* End PBXResourcesBuildPhase section */

/* Begin PBXShellScriptBuildPhase section */
		13C94C1129E406594675C042 /* [CP] Check Pods Manifest.lock */ = {
			isa = PBXShellScriptBuildPhase;
			buildActionMask = 2147483647;
			files = (
			);
			inputFileListPaths = (
			);
			inputPaths = (
				"${PODS_PODFILE_DIR_PATH}/Podfile.lock",
				"${PODS_ROOT}/Manifest.lock",
			);
			name = "[CP] Check Pods Manifest.lock";
			outputFileListPaths = (
			);
			outputPaths = (
				"$(DERIVED_FILE_DIR)/Pods-PhotoApp-checkManifestLockResult.txt",
			);
			runOnlyForDeploymentPostprocessing = 0;
			shellPath = /bin/sh;
			shellScript = "diff \"${PODS_PODFILE_DIR_PATH}/Podfile.lock\" \"${PODS_ROOT}/Manifest.lock\" > /dev/null\nif [ $? != 0 ] ; then\n    # print error to STDERR\n    echo \"error: The sandbox is not in sync with the Podfile.lock. Run 'pod install' or update your CocoaPods installation.\" >&2\n    exit 1\nfi\n# This output is used by Xcode 'outputs' to avoid re-running this script phase.\necho \"SUCCESS\" > \"${SCRIPT_OUTPUT_FILE_0}\"\n";
			showEnvVarsInLog = 0;
		};
		58A083A4B14BB89E84E4033F /* [CP] Embed Pods Frameworks */ = {
			isa = PBXShellScriptBuildPhase;
			buildActionMask = 2147483647;
			files = (
			);
			inputFileListPaths = (
				"${PODS_ROOT}/Target Support Files/Pods-PhotoApp/Pods-PhotoApp-frameworks-${CONFIGURATION}-input-files.xcfilelist",
			);
			name = "[CP] Embed Pods Frameworks";
			outputFileListPaths = (
				"${PODS_ROOT}/Target Support Files/Pods-PhotoApp/Pods-PhotoApp-frameworks-${CONFIGURATION}-output-files.xcfilelist",
			);
			runOnlyForDeploymentPostprocessing = 0;
			shellPath = /bin/sh;
			shellScript = "\"${PODS_ROOT}/Target Support Files/Pods-PhotoApp/Pods-PhotoApp-frameworks.sh\"\n";
			showEnvVarsInLog = 0;
		};
		DCE2E6FF9E965C2388B4C829 /* [CP] Copy Pods Resources */ = {
			isa = PBXShellScriptBuildPhase;
			buildActionMask = 2147483647;
			files = (
			);
			inputFileListPaths = (
				"${PODS_ROOT}/Target Support Files/Pods-PhotoApp/Pods-PhotoApp-resources-${CONFIGURATION}-input-files.xcfilelist",
			);
			name = "[CP] Copy Pods Resources";
			outputFileListPaths = (
				"${PODS_ROOT}/Target Support Files/Pods-PhotoApp/Pods-PhotoApp-resources-${CONFIGURATION}-output-files.xcfilelist",
			);
			runOnlyForDeploymentPostprocessing = 0;
			shellPath = /bin/sh;
			shellScript = "\"${PODS_ROOT}/Target Support Files/Pods-PhotoApp/Pods-PhotoApp-resources.sh\"\n";
			showEnvVarsInLog = 0;
		};
/* End PBXShellScriptBuildPhase section */

/* Begin PBXSourcesBuildPhase section */
		B0E76ECE2609B65B00079FDC /* Sources */ = {
			isa = PBXSourcesBuildPhase;
			buildActionMask = 2147483647;
			files = (
				B0E76EF52609BBD700079FDC /* CreateProfileViewController.swift in Sources */,
				B0E76EF22609BBC400079FDC /* LoginViewController.swift in Sources */,
				B01865BA2609DE1A0061C110 /* MainTabBarController.swift in Sources */,
				B0E76EFE2609BBFE00079FDC /* SettingsViewController.swift in Sources */,
				B0E76EF82609BBEC00079FDC /* FeedViewController.swift in Sources */,
				B01865AC2609CCBF0061C110 /* UserService.swift in Sources */,
				B01865B32609CF260061C110 /* Constants.swift in Sources */,
				B01865AF2609CD920061C110 /* PhotoUser.swift in Sources */,
				B0E76ED62609B65B00079FDC /* AppDelegate.swift in Sources */,
				B0E76ED82609B65B00079FDC /* SceneDelegate.swift in Sources */,
				B0E76EFB2609BBF400079FDC /* CameraViewController.swift in Sources */,
				B01865B72609D5520061C110 /* LocalStorageService.swift in Sources */,
			);
			runOnlyForDeploymentPostprocessing = 0;
		};
/* End PBXSourcesBuildPhase section */

/* Begin PBXVariantGroup section */
		B0E76EDB2609B65B00079FDC /* Main.storyboard */ = {
			isa = PBXVariantGroup;
			children = (
				B0E76EDC2609B65B00079FDC /* Base */,
			);
			name = Main.storyboard;
			sourceTree = "<group>";
		};
		B0E76EE02609B66000079FDC /* LaunchScreen.storyboard */ = {
			isa = PBXVariantGroup;
			children = (
				B0E76EE12609B66000079FDC /* Base */,
			);
			name = LaunchScreen.storyboard;
			sourceTree = "<group>";
		};
/* End PBXVariantGroup section */

/* Begin XCBuildConfiguration section */
		B0E76EE42609B66000079FDC /* Debug */ = {
			isa = XCBuildConfiguration;
			buildSettings = {
				ALWAYS_SEARCH_USER_PATHS = NO;
				CLANG_ANALYZER_NONNULL = YES;
				CLANG_ANALYZER_NUMBER_OBJECT_CONVERSION = YES_AGGRESSIVE;
				CLANG_CXX_LANGUAGE_STANDARD = "gnu++14";
				CLANG_CXX_LIBRARY = "libc++";
				CLANG_ENABLE_MODULES = YES;
				CLANG_ENABLE_OBJC_ARC = YES;
				CLANG_ENABLE_OBJC_WEAK = YES;
				CLANG_WARN_BLOCK_CAPTURE_AUTORELEASING = YES;
				CLANG_WARN_BOOL_CONVERSION = YES;
				CLANG_WARN_COMMA = YES;
				CLANG_WARN_CONSTANT_CONVERSION = YES;
				CLANG_WARN_DEPRECATED_OBJC_IMPLEMENTATIONS = YES;
				CLANG_WARN_DIRECT_OBJC_ISA_USAGE = YES_ERROR;
				CLANG_WARN_DOCUMENTATION_COMMENTS = YES;
				CLANG_WARN_EMPTY_BODY = YES;
				CLANG_WARN_ENUM_CONVERSION = YES;
				CLANG_WARN_INFINITE_RECURSION = YES;
				CLANG_WARN_INT_CONVERSION = YES;
				CLANG_WARN_NON_LITERAL_NULL_CONVERSION = YES;
				CLANG_WARN_OBJC_IMPLICIT_RETAIN_SELF = YES;
				CLANG_WARN_OBJC_LITERAL_CONVERSION = YES;
				CLANG_WARN_OBJC_ROOT_CLASS = YES_ERROR;
				CLANG_WARN_QUOTED_INCLUDE_IN_FRAMEWORK_HEADER = YES;
				CLANG_WARN_RANGE_LOOP_ANALYSIS = YES;
				CLANG_WARN_STRICT_PROTOTYPES = YES;
				CLANG_WARN_SUSPICIOUS_MOVE = YES;
				CLANG_WARN_UNGUARDED_AVAILABILITY = YES_AGGRESSIVE;
				CLANG_WARN_UNREACHABLE_CODE = YES;
				CLANG_WARN__DUPLICATE_METHOD_MATCH = YES;
				COPY_PHASE_STRIP = NO;
				DEBUG_INFORMATION_FORMAT = dwarf;
				ENABLE_STRICT_OBJC_MSGSEND = YES;
				ENABLE_TESTABILITY = YES;
				GCC_C_LANGUAGE_STANDARD = gnu11;
				GCC_DYNAMIC_NO_PIC = NO;
				GCC_NO_COMMON_BLOCKS = YES;
				GCC_OPTIMIZATION_LEVEL = 0;
				GCC_PREPROCESSOR_DEFINITIONS = (
					"DEBUG=1",
					"$(inherited)",
				);
				GCC_WARN_64_TO_32_BIT_CONVERSION = YES;
				GCC_WARN_ABOUT_RETURN_TYPE = YES_ERROR;
				GCC_WARN_UNDECLARED_SELECTOR = YES;
				GCC_WARN_UNINITIALIZED_AUTOS = YES_AGGRESSIVE;
				GCC_WARN_UNUSED_FUNCTION = YES;
				GCC_WARN_UNUSED_VARIABLE = YES;
				IPHONEOS_DEPLOYMENT_TARGET = 14.2;
				MTL_ENABLE_DEBUG_INFO = INCLUDE_SOURCE;
				MTL_FAST_MATH = YES;
				ONLY_ACTIVE_ARCH = YES;
				SDKROOT = iphoneos;
				SWIFT_ACTIVE_COMPILATION_CONDITIONS = DEBUG;
				SWIFT_OPTIMIZATION_LEVEL = "-Onone";
			};
			name = Debug;
		};
		B0E76EE52609B66000079FDC /* Release */ = {
			isa = XCBuildConfiguration;
			buildSettings = {
				ALWAYS_SEARCH_USER_PATHS = NO;
				CLANG_ANALYZER_NONNULL = YES;
				CLANG_ANALYZER_NUMBER_OBJECT_CONVERSION = YES_AGGRESSIVE;
				CLANG_CXX_LANGUAGE_STANDARD = "gnu++14";
				CLANG_CXX_LIBRARY = "libc++";
				CLANG_ENABLE_MODULES = YES;
				CLANG_ENABLE_OBJC_ARC = YES;
				CLANG_ENABLE_OBJC_WEAK = YES;
				CLANG_WARN_BLOCK_CAPTURE_AUTORELEASING = YES;
				CLANG_WARN_BOOL_CONVERSION = YES;
				CLANG_WARN_COMMA = YES;
				CLANG_WARN_CONSTANT_CONVERSION = YES;
				CLANG_WARN_DEPRECATED_OBJC_IMPLEMENTATIONS = YES;
				CLANG_WARN_DIRECT_OBJC_ISA_USAGE = YES_ERROR;
				CLANG_WARN_DOCUMENTATION_COMMENTS = YES;
				CLANG_WARN_EMPTY_BODY = YES;
				CLANG_WARN_ENUM_CONVERSION = YES;
				CLANG_WARN_INFINITE_RECURSION = YES;
				CLANG_WARN_INT_CONVERSION = YES;
				CLANG_WARN_NON_LITERAL_NULL_CONVERSION = YES;
				CLANG_WARN_OBJC_IMPLICIT_RETAIN_SELF = YES;
				CLANG_WARN_OBJC_LITERAL_CONVERSION = YES;
				CLANG_WARN_OBJC_ROOT_CLASS = YES_ERROR;
				CLANG_WARN_QUOTED_INCLUDE_IN_FRAMEWORK_HEADER = YES;
				CLANG_WARN_RANGE_LOOP_ANALYSIS = YES;
				CLANG_WARN_STRICT_PROTOTYPES = YES;
				CLANG_WARN_SUSPICIOUS_MOVE = YES;
				CLANG_WARN_UNGUARDED_AVAILABILITY = YES_AGGRESSIVE;
				CLANG_WARN_UNREACHABLE_CODE = YES;
				CLANG_WARN__DUPLICATE_METHOD_MATCH = YES;
				COPY_PHASE_STRIP = NO;
				DEBUG_INFORMATION_FORMAT = "dwarf-with-dsym";
				ENABLE_NS_ASSERTIONS = NO;
				ENABLE_STRICT_OBJC_MSGSEND = YES;
				GCC_C_LANGUAGE_STANDARD = gnu11;
				GCC_NO_COMMON_BLOCKS = YES;
				GCC_WARN_64_TO_32_BIT_CONVERSION = YES;
				GCC_WARN_ABOUT_RETURN_TYPE = YES_ERROR;
				GCC_WARN_UNDECLARED_SELECTOR = YES;
				GCC_WARN_UNINITIALIZED_AUTOS = YES_AGGRESSIVE;
				GCC_WARN_UNUSED_FUNCTION = YES;
				GCC_WARN_UNUSED_VARIABLE = YES;
				IPHONEOS_DEPLOYMENT_TARGET = 14.2;
				MTL_ENABLE_DEBUG_INFO = NO;
				MTL_FAST_MATH = YES;
				SDKROOT = iphoneos;
				SWIFT_COMPILATION_MODE = wholemodule;
				SWIFT_OPTIMIZATION_LEVEL = "-O";
				VALIDATE_PRODUCT = YES;
			};
			name = Release;
		};
		B0E76EE72609B66000079FDC /* Debug */ = {
			isa = XCBuildConfiguration;
			baseConfigurationReference = C3ACC00F2E702DDE62CD8D2A /* Pods-PhotoApp.debug.xcconfig */;
			buildSettings = {
				ASSETCATALOG_COMPILER_APPICON_NAME = AppIcon;
				ASSETCATALOG_COMPILER_GLOBAL_ACCENT_COLOR_NAME = AccentColor;
				CODE_SIGN_STYLE = Automatic;
				DEVELOPMENT_TEAM = AG9SGPBRV4;
				INFOPLIST_FILE = PhotoApp/Info.plist;
				LD_RUNPATH_SEARCH_PATHS = (
					"$(inherited)",
					"@executable_path/Frameworks",
				);
				PRODUCT_BUNDLE_IDENTIFIER = com.mybest.PhotoApp;
				PRODUCT_NAME = "$(TARGET_NAME)";
				SWIFT_VERSION = 5.0;
				TARGETED_DEVICE_FAMILY = "1,2";
			};
			name = Debug;
		};
		B0E76EE82609B66000079FDC /* Release */ = {
			isa = XCBuildConfiguration;
			baseConfigurationReference = 5E41E99FF41E1716FC515789 /* Pods-PhotoApp.release.xcconfig */;
			buildSettings = {
				ASSETCATALOG_COMPILER_APPICON_NAME = AppIcon;
				ASSETCATALOG_COMPILER_GLOBAL_ACCENT_COLOR_NAME = AccentColor;
				CODE_SIGN_STYLE = Automatic;
				DEVELOPMENT_TEAM = AG9SGPBRV4;
				INFOPLIST_FILE = PhotoApp/Info.plist;
				LD_RUNPATH_SEARCH_PATHS = (
					"$(inherited)",
					"@executable_path/Frameworks",
				);
				PRODUCT_BUNDLE_IDENTIFIER = com.mybest.PhotoApp;
				PRODUCT_NAME = "$(TARGET_NAME)";
				SWIFT_VERSION = 5.0;
				TARGETED_DEVICE_FAMILY = "1,2";
			};
			name = Release;
		};
/* End XCBuildConfiguration section */

/* Begin XCConfigurationList section */
		B0E76ECD2609B65B00079FDC /* Build configuration list for PBXProject "PhotoApp" */ = {
			isa = XCConfigurationList;
			buildConfigurations = (
				B0E76EE42609B66000079FDC /* Debug */,
				B0E76EE52609B66000079FDC /* Release */,
			);
			defaultConfigurationIsVisible = 0;
			defaultConfigurationName = Release;
		};
		B0E76EE62609B66000079FDC /* Build configuration list for PBXNativeTarget "PhotoApp" */ = {
			isa = XCConfigurationList;
			buildConfigurations = (
				B0E76EE72609B66000079FDC /* Debug */,
				B0E76EE82609B66000079FDC /* Release */,
			);
			defaultConfigurationIsVisible = 0;
			defaultConfigurationName = Release;
		};
/* End XCConfigurationList section */
	};
	rootObject = B0E76ECA2609B65B00079FDC /* Project object */;
}
