// !$*UTF8*$!
{
	archiveVersion = 1;
	classes = {
	};
	objectVersion = 50;
	objects = {

/* Begin PBXBuildFile section */
		B0E76ED62609B65B00079FDC /* AppDelegate.swift in Sources */ = {isa = PBXBuildFile; fileRef = B0E76ED52609B65B00079FDC /* AppDelegate.swift */; };
		B0E76ED82609B65B00079FDC /* SceneDelegate.swift in Sources */ = {isa = PBXBuildFile; fileRef = B0E76ED72609B65B00079FDC /* SceneDelegate.swift */; };
		B0E76EDD2609B65B00079FDC /* Main.storyboard in Resources */ = {isa = PBXBuildFile; fileRef = B0E76EDB2609B65B00079FDC /* Main.storyboard */; };
		B0E76EDF2609B66000079FDC /* Assets.xcassets in Resources */ = {isa = PBXBuildFile; fileRef = B0E76EDE2609B66000079FDC /* Assets.xcassets */; };
		B0E76EE22609B66000079FDC /* LaunchScreen.storyboard in Resources */ = {isa = PBXBuildFile; fileRef = B0E76EE02609B66000079FDC /* LaunchScreen.storyboard */; };
		B0E76EF22609BBC400079FDC /* LoginViewController.swift in Sources */ = {isa = PBXBuildFile; fileRef = B0E76EF12609BBC400079FDC /* LoginViewController.swift */; };
		B0E76EF52609BBD700079FDC /* CreateProfileViewController.swift in Sources */ = {isa = PBXBuildFile; fileRef = B0E76EF42609BBD700079FDC /* CreateProfileViewController.swift */; };
		B0E76EF82609BBEC00079FDC /* FeedViewController.swift in Sources */ = {isa = PBXBuildFile; fileRef = B0E76EF72609BBEC00079FDC /* FeedViewController.swift */; };
		B0E76EFB2609BBF400079FDC /* CameraViewController.swift in Sources */ = {isa = PBXBuildFile; fileRef = B0E76EFA2609BBF400079FDC /* CameraViewController.swift */; };
		B0E76EFE2609BBFE00079FDC /* SettingsViewController.swift in Sources */ = {isa = PBXBuildFile; fileRef = B0E76EFD2609BBFE00079FDC /* SettingsViewController.swift */; };
/* End PBXBuildFile section */

/* Begin PBXFileReference section */
		B0E76ED22609B65B00079FDC /* PhotoApp.app */ = {isa = PBXFileReference; explicitFileType = wrapper.application; includeInIndex = 0; path = PhotoApp.app; sourceTree = BUILT_PRODUCTS_DIR; };
		B0E76ED52609B65B00079FDC /* AppDelegate.swift */ = {isa = PBXFileReference; lastKnownFileType = sourcecode.swift; path = AppDelegate.swift; sourceTree = "<group>"; };
		B0E76ED72609B65B00079FDC /* SceneDelegate.swift */ = {isa = PBXFileReference; lastKnownFileType = sourcecode.swift; path = SceneDelegate.swift; sourceTree = "<group>"; };
		B0E76EDC2609B65B00079FDC /* Base */ = {isa = PBXFileReference; lastKnownFileType = file.storyboard; name = Base; path = Base.lproj/Main.storyboard; sourceTree = "<group>"; };
		B0E76EDE2609B66000079FDC /* Assets.xcassets */ = {isa = PBXFileReference; lastKnownFileType = folder.assetcatalog; path = Assets.xcassets; sourceTree = "<group>"; };
		B0E76EE12609B66000079FDC /* Base */ = {isa = PBXFileReference; lastKnownFileType = file.storyboard; name = Base; path = Base.lproj/LaunchScreen.storyboard; sourceTree = "<group>"; };
		B0E76EE32609B66000079FDC /* Info.plist */ = {isa = PBXFileReference; lastKnownFileType = text.plist.xml; path = Info.plist; sourceTree = "<group>"; };
		B0E76EF12609BBC400079FDC /* LoginViewController.swift */ = {isa = PBXFileReference; lastKnownFileType = sourcecode.swift; path = LoginViewController.swift; sourceTree = "<group>"; };
		B0E76EF42609BBD700079FDC /* CreateProfileViewController.swift */ = {isa = PBXFileReference; lastKnownFileType = sourcecode.swift; path = CreateProfileViewController.swift; sourceTree = "<group>"; };
		B0E76EF72609BBEC00079FDC /* FeedViewController.swift */ = {isa = PBXFileReference; lastKnownFileType = sourcecode.swift; path = FeedViewController.swift; sourceTree = "<group>"; };
		B0E76EFA2609BBF400079FDC /* CameraViewController.swift */ = {isa = PBXFileReference; lastKnownFileType = sourcecode.swift; path = CameraViewController.swift; sourceTree = "<group>"; };
		B0E76EFD2609BBFE00079FDC /* SettingsViewController.swift */ = {isa = PBXFileReference; lastKnownFileType = sourcecode.swift; path = SettingsViewController.swift; sourceTree = "<group>"; };
/* End PBXFileReference section */

/* Begin PBXFrameworksBuildPhase section */
		B0E76ECF2609B65B00079FDC /* Frameworks */ = {
			isa = PBXFrameworksBuildPhase;
			buildActionMask = 2147483647;
			files = (
			);
			runOnlyForDeploymentPostprocessing = 0;
		};
/* End PBXFrameworksBuildPhase section */

/* Begin PBXGroup section */
		B0E76EC92609B65B00079FDC = {
			isa = PBXGroup;
			children = (
				B0E76ED42609B65B00079FDC /* PhotoApp */,
				B0E76ED32609B65B00079FDC /* Products */,
			);
			sourceTree = "<group>";
		};
		B0E76ED32609B65B00079FDC /* Products */ = {
			isa = PBXGroup;
			children = (
				B0E76ED22609B65B00079FDC /* PhotoApp.app */,
			);
			name = Products;
			sourceTree = "<group>";
		};
		B0E76ED42609B65B00079FDC /* PhotoApp */ = {
			isa = PBXGroup;
			children = (
				B0E76ED52609B65B00079FDC /* AppDelegate.swift */,
				B0E76ED72609B65B00079FDC /* SceneDelegate.swift */,
				B0E76EEA2609B71000079FDC /* Storyboards */,
				B0E76EEE2609B75700079FDC /* Services */,
				B0E76EEC2609B73600079FDC /* ViewControllers */,
				B0E76EED2609B74E00079FDC /* Model */,
				B0E76EEF2609B77B00079FDC /* Views */,
				B0E76EEB2609B72600079FDC /* Helper */,
				B0E76EDE2609B66000079FDC /* Assets.xcassets */,
				B0E76EE32609B66000079FDC /* Info.plist */,
			);
			path = PhotoApp;
			sourceTree = "<group>";
		};
		B0E76EEA2609B71000079FDC /* Storyboards */ = {
			isa = PBXGroup;
			children = (
				B0E76EDB2609B65B00079FDC /* Main.storyboard */,
				B0E76EE02609B66000079FDC /* LaunchScreen.storyboard */,
			);
			path = Storyboards;
			sourceTree = "<group>";
		};
		B0E76EEB2609B72600079FDC /* Helper */ = {
			isa = PBXGroup;
			children = (
			);
			path = Helper;
			sourceTree = "<group>";
		};
		B0E76EEC2609B73600079FDC /* ViewControllers */ = {
			isa = PBXGroup;
			children = (
				B0E76EF12609BBC400079FDC /* LoginViewController.swift */,
				B0E76EF42609BBD700079FDC /* CreateProfileViewController.swift */,
				B0E76EF72609BBEC00079FDC /* FeedViewController.swift */,
				B0E76EFA2609BBF400079FDC /* CameraViewController.swift */,
				B0E76EFD2609BBFE00079FDC /* SettingsViewController.swift */,
			);
			path = ViewControllers;
			sourceTree = "<group>";
		};
		B0E76EED2609B74E00079FDC /* Model */ = {
			isa = PBXGroup;
			children = (
			);
			path = Model;
			sourceTree = "<group>";
		};
		B0E76EEE2609B75700079FDC /* Services */ = {
			isa = PBXGroup;
			children = (
			);
			path = Services;
			sourceTree = "<group>";
		};
		B0E76EEF2609B77B00079FDC /* Views */ = {
			isa = PBXGroup;
			children = (
			);
			path = Views;
			sourceTree = "<group>";
		};
/* End PBXGroup section */

/* Begin PBXNativeTarget section */
		B0E76ED12609B65B00079FDC /* PhotoApp */ = {
			isa = PBXNativeTarget;
			buildConfigurationList = B0E76EE62609B66000079FDC /* Build configuration list for PBXNativeTarget "PhotoApp" */;
			buildPhases = (
				B0E76ECE2609B65B00079FDC /* Sources */,
				B0E76ECF2609B65B00079FDC /* Frameworks */,
				B0E76ED02609B65B00079FDC /* Resources */,
			);
			buildRules = (
			);
			dependencies = (
			);
			name = PhotoApp;
			productName = PhotoApp;
			productReference = B0E76ED22609B65B00079FDC /* PhotoApp.app */;
			productType = "com.apple.product-type.application";
		};
/* End PBXNativeTarget section */

/* Begin PBXProject section */
		B0E76ECA2609B65B00079FDC /* Project object */ = {
			isa = PBXProject;
			attributes = {
				LastSwiftUpdateCheck = 1220;
				LastUpgradeCheck = 1220;
				TargetAttributes = {
					B0E76ED12609B65B00079FDC = {
						CreatedOnToolsVersion = 12.2;
					};
				};
			};
			buildConfigurationList = B0E76ECD2609B65B00079FDC /* Build configuration list for PBXProject "PhotoApp" */;
			compatibilityVersion = "Xcode 9.3";
			developmentRegion = en;
			hasScannedForEncodings = 0;
			knownRegions = (
				en,
				Base,
			);
			mainGroup = B0E76EC92609B65B00079FDC;
			productRefGroup = B0E76ED32609B65B00079FDC /* Products */;
			projectDirPath = "";
			projectRoot = "";
			targets = (
				B0E76ED12609B65B00079FDC /* PhotoApp */,
			);
		};
/* End PBXProject section */

/* Begin PBXResourcesBuildPhase section */
		B0E76ED02609B65B00079FDC /* Resources */ = {
			isa = PBXResourcesBuildPhase;
			buildActionMask = 2147483647;
			files = (
				B0E76EE22609B66000079FDC /* LaunchScreen.storyboard in Resources */,
				B0E76EDF2609B66000079FDC /* Assets.xcassets in Resources */,
				B0E76EDD2609B65B00079FDC /* Main.storyboard in Resources */,
			);
			runOnlyForDeploymentPostprocessing = 0;
		};
/* End PBXResourcesBuildPhase section */

/* Begin PBXSourcesBuildPhase section */
		B0E76ECE2609B65B00079FDC /* Sources */ = {
			isa = PBXSourcesBuildPhase;
			buildActionMask = 2147483647;
			files = (
				B0E76EF52609BBD700079FDC /* CreateProfileViewController.swift in Sources */,
				B0E76EF22609BBC400079FDC /* LoginViewController.swift in Sources */,
				B0E76EFE2609BBFE00079FDC /* SettingsViewController.swift in Sources */,
				B0E76EF82609BBEC00079FDC /* FeedViewController.swift in Sources */,
				B0E76ED62609B65B00079FDC /* AppDelegate.swift in Sources */,
				B0E76ED82609B65B00079FDC /* SceneDelegate.swift in Sources */,
				B0E76EFB2609BBF400079FDC /* CameraViewController.swift in Sources */,
			);
			runOnlyForDeploymentPostprocessing = 0;
		};
/* End PBXSourcesBuildPhase section */

/* Begin PBXVariantGroup section */
		B0E76EDB2609B65B00079FDC /* Main.storyboard */ = {
			isa = PBXVariantGroup;
			children = (
				B0E76EDC2609B65B00079FDC /* Base */,
			);
			name = Main.storyboard;
			sourceTree = "<group>";
		};
		B0E76EE02609B66000079FDC /* LaunchScreen.storyboard */ = {
			isa = PBXVariantGroup;
			children = (
				B0E76EE12609B66000079FDC /* Base */,
			);
			name = LaunchScreen.storyboard;
			sourceTree = "<group>";
		};
/* End PBXVariantGroup section */

/* Begin XCBuildConfiguration section */
		B0E76EE42609B66000079FDC /* Debug */ = {
			isa = XCBuildConfiguration;
			buildSettings = {
				ALWAYS_SEARCH_USER_PATHS = NO;
				CLANG_ANALYZER_NONNULL = YES;
				CLANG_ANALYZER_NUMBER_OBJECT_CONVERSION = YES_AGGRESSIVE;
				CLANG_CXX_LANGUAGE_STANDARD = "gnu++14";
				CLANG_CXX_LIBRARY = "libc++";
				CLANG_ENABLE_MODULES = YES;
				CLANG_ENABLE_OBJC_ARC = YES;
				CLANG_ENABLE_OBJC_WEAK = YES;
				CLANG_WARN_BLOCK_CAPTURE_AUTORELEASING = YES;
				CLANG_WARN_BOOL_CONVERSION = YES;
				CLANG_WARN_COMMA = YES;
				CLANG_WARN_CONSTANT_CONVERSION = YES;
				CLANG_WARN_DEPRECATED_OBJC_IMPLEMENTATIONS = YES;
				CLANG_WARN_DIRECT_OBJC_ISA_USAGE = YES_ERROR;
				CLANG_WARN_DOCUMENTATION_COMMENTS = YES;
				CLANG_WARN_EMPTY_BODY = YES;
				CLANG_WARN_ENUM_CONVERSION = YES;
				CLANG_WARN_INFINITE_RECURSION = YES;
				CLANG_WARN_INT_CONVERSION = YES;
				CLANG_WARN_NON_LITERAL_NULL_CONVERSION = YES;
				CLANG_WARN_OBJC_IMPLICIT_RETAIN_SELF = YES;
				CLANG_WARN_OBJC_LITERAL_CONVERSION = YES;
				CLANG_WARN_OBJC_ROOT_CLASS = YES_ERROR;
				CLANG_WARN_QUOTED_INCLUDE_IN_FRAMEWORK_HEADER = YES;
				CLANG_WARN_RANGE_LOOP_ANALYSIS = YES;
				CLANG_WARN_STRICT_PROTOTYPES = YES;
				CLANG_WARN_SUSPICIOUS_MOVE = YES;
				CLANG_WARN_UNGUARDED_AVAILABILITY = YES_AGGRESSIVE;
				CLANG_WARN_UNREACHABLE_CODE = YES;
				CLANG_WARN__DUPLICATE_METHOD_MATCH = YES;
				COPY_PHASE_STRIP = NO;
				DEBUG_INFORMATION_FORMAT = dwarf;
				ENABLE_STRICT_OBJC_MSGSEND = YES;
				ENABLE_TESTABILITY = YES;
				GCC_C_LANGUAGE_STANDARD = gnu11;
				GCC_DYNAMIC_NO_PIC = NO;
				GCC_NO_COMMON_BLOCKS = YES;
				GCC_OPTIMIZATION_LEVEL = 0;
				GCC_PREPROCESSOR_DEFINITIONS = (
					"DEBUG=1",
					"$(inherited)",
				);
				GCC_WARN_64_TO_32_BIT_CONVERSION = YES;
				GCC_WARN_ABOUT_RETURN_TYPE = YES_ERROR;
				GCC_WARN_UNDECLARED_SELECTOR = YES;
				GCC_WARN_UNINITIALIZED_AUTOS = YES_AGGRESSIVE;
				GCC_WARN_UNUSED_FUNCTION = YES;
				GCC_WARN_UNUSED_VARIABLE = YES;
				IPHONEOS_DEPLOYMENT_TARGET = 14.2;
				MTL_ENABLE_DEBUG_INFO = INCLUDE_SOURCE;
				MTL_FAST_MATH = YES;
				ONLY_ACTIVE_ARCH = YES;
				SDKROOT = iphoneos;
				SWIFT_ACTIVE_COMPILATION_CONDITIONS = DEBUG;
				SWIFT_OPTIMIZATION_LEVEL = "-Onone";
			};
			name = Debug;
		};
		B0E76EE52609B66000079FDC /* Release */ = {
			isa = XCBuildConfiguration;
			buildSettings = {
				ALWAYS_SEARCH_USER_PATHS = NO;
				CLANG_ANALYZER_NONNULL = YES;
				CLANG_ANALYZER_NUMBER_OBJECT_CONVERSION = YES_AGGRESSIVE;
				CLANG_CXX_LANGUAGE_STANDARD = "gnu++14";
				CLANG_CXX_LIBRARY = "libc++";
				CLANG_ENABLE_MODULES = YES;
				CLANG_ENABLE_OBJC_ARC = YES;
				CLANG_ENABLE_OBJC_WEAK = YES;
				CLANG_WARN_BLOCK_CAPTURE_AUTORELEASING = YES;
				CLANG_WARN_BOOL_CONVERSION = YES;
				CLANG_WARN_COMMA = YES;
				CLANG_WARN_CONSTANT_CONVERSION = YES;
				CLANG_WARN_DEPRECATED_OBJC_IMPLEMENTATIONS = YES;
				CLANG_WARN_DIRECT_OBJC_ISA_USAGE = YES_ERROR;
				CLANG_WARN_DOCUMENTATION_COMMENTS = YES;
				CLANG_WARN_EMPTY_BODY = YES;
				CLANG_WARN_ENUM_CONVERSION = YES;
				CLANG_WARN_INFINITE_RECURSION = YES;
				CLANG_WARN_INT_CONVERSION = YES;
				CLANG_WARN_NON_LITERAL_NULL_CONVERSION = YES;
				CLANG_WARN_OBJC_IMPLICIT_RETAIN_SELF = YES;
				CLANG_WARN_OBJC_LITERAL_CONVERSION = YES;
				CLANG_WARN_OBJC_ROOT_CLASS = YES_ERROR;
				CLANG_WARN_QUOTED_INCLUDE_IN_FRAMEWORK_HEADER = YES;
				CLANG_WARN_RANGE_LOOP_ANALYSIS = YES;
				CLANG_WARN_STRICT_PROTOTYPES = YES;
				CLANG_WARN_SUSPICIOUS_MOVE = YES;
				CLANG_WARN_UNGUARDED_AVAILABILITY = YES_AGGRESSIVE;
				CLANG_WARN_UNREACHABLE_CODE = YES;
				CLANG_WARN__DUPLICATE_METHOD_MATCH = YES;
				COPY_PHASE_STRIP = NO;
				DEBUG_INFORMATION_FORMAT = "dwarf-with-dsym";
				ENABLE_NS_ASSERTIONS = NO;
				ENABLE_STRICT_OBJC_MSGSEND = YES;
				GCC_C_LANGUAGE_STANDARD = gnu11;
				GCC_NO_COMMON_BLOCKS = YES;
				GCC_WARN_64_TO_32_BIT_CONVERSION = YES;
				GCC_WARN_ABOUT_RETURN_TYPE = YES_ERROR;
				GCC_WARN_UNDECLARED_SELECTOR = YES;
				GCC_WARN_UNINITIALIZED_AUTOS = YES_AGGRESSIVE;
				GCC_WARN_UNUSED_FUNCTION = YES;
				GCC_WARN_UNUSED_VARIABLE = YES;
				IPHONEOS_DEPLOYMENT_TARGET = 14.2;
				MTL_ENABLE_DEBUG_INFO = NO;
				MTL_FAST_MATH = YES;
				SDKROOT = iphoneos;
				SWIFT_COMPILATION_MODE = wholemodule;
				SWIFT_OPTIMIZATION_LEVEL = "-O";
				VALIDATE_PRODUCT = YES;
			};
			name = Release;
		};
		B0E76EE72609B66000079FDC /* Debug */ = {
			isa = XCBuildConfiguration;
			buildSettings = {
				ASSETCATALOG_COMPILER_APPICON_NAME = AppIcon;
				ASSETCATALOG_COMPILER_GLOBAL_ACCENT_COLOR_NAME = AccentColor;
				CODE_SIGN_STYLE = Automatic;
				DEVELOPMENT_TEAM = AG9SGPBRV4;
				INFOPLIST_FILE = PhotoApp/Info.plist;
				LD_RUNPATH_SEARCH_PATHS = (
					"$(inherited)",
					"@executable_path/Frameworks",
				);
				PRODUCT_BUNDLE_IDENTIFIER = com.mybest.PhotoApp;
				PRODUCT_NAME = "$(TARGET_NAME)";
				SWIFT_VERSION = 5.0;
				TARGETED_DEVICE_FAMILY = "1,2";
			};
			name = Debug;
		};
		B0E76EE82609B66000079FDC /* Release */ = {
			isa = XCBuildConfiguration;
			buildSettings = {
				ASSETCATALOG_COMPILER_APPICON_NAME = AppIcon;
				ASSETCATALOG_COMPILER_GLOBAL_ACCENT_COLOR_NAME = AccentColor;
				CODE_SIGN_STYLE = Automatic;
				DEVELOPMENT_TEAM = AG9SGPBRV4;
				INFOPLIST_FILE = PhotoApp/Info.plist;
				LD_RUNPATH_SEARCH_PATHS = (
					"$(inherited)",
					"@executable_path/Frameworks",
				);
				PRODUCT_BUNDLE_IDENTIFIER = com.mybest.PhotoApp;
				PRODUCT_NAME = "$(TARGET_NAME)";
				SWIFT_VERSION = 5.0;
				TARGETED_DEVICE_FAMILY = "1,2";
			};
			name = Release;
		};
/* End XCBuildConfiguration section */

/* Begin XCConfigurationList section */
		B0E76ECD2609B65B00079FDC /* Build configuration list for PBXProject "PhotoApp" */ = {
			isa = XCConfigurationList;
			buildConfigurations = (
				B0E76EE42609B66000079FDC /* Debug */,
				B0E76EE52609B66000079FDC /* Release */,
			);
			defaultConfigurationIsVisible = 0;
			defaultConfigurationName = Release;
		};
		B0E76EE62609B66000079FDC /* Build configuration list for PBXNativeTarget "PhotoApp" */ = {
			isa = XCConfigurationList;
			buildConfigurations = (
				B0E76EE72609B66000079FDC /* Debug */,
				B0E76EE82609B66000079FDC /* Release */,
			);
			defaultConfigurationIsVisible = 0;
			defaultConfigurationName = Release;
		};
/* End XCConfigurationList section */
	};
	rootObject = B0E76ECA2609B65B00079FDC /* Project object */;
}
